
Microsoft Visual Studio Solution File, Format Version 12.00
# Visual Studio Version 17
VisualStudioVersion = 17.5.33627.172
MinimumVisualStudioVersion = 10.0.40219.1
Project("{FAE04EC0-301F-11D3-BF4B-00C04F79EFBC}") = "Undine.Aether.Physics2D", "Undine.Aether.Physics2D\Undine.Aether.Physics2D.csproj", "{EEFA05B0-DD8D-428E-B09A-2B83B25872FB}"
EndProject
Global
	GlobalSection(SolutionConfigurationPlatforms) = preSolution
		Debug|Any CPU = Debug|Any CPU
		Release|Any CPU = Release|Any CPU
	EndGlobalSection
	GlobalSection(ProjectConfigurationPlatforms) = postSolution
		{EEFA05B0-DD8D-428E-B09A-2B83B25872FB}.Debug|Any CPU.ActiveCfg = Debug|Any CPU
		{EEFA05B0-DD8D-428E-B09A-2B83B25872FB}.Debug|Any CPU.Build.0 = Debug|Any CPU
		{EEFA05B0-DD8D-428E-B09A-2B83B25872FB}.Release|Any CPU.ActiveCfg = Release|Any CPU
		{EEFA05B0-DD8D-428E-B09A-2B83B25872FB}.Release|Any CPU.Build.0 = Release|Any CPU
	EndGlobalSection
	GlobalSection(SolutionProperties) = preSolution
		HideSolutionNode = FALSE
	EndGlobalSection
	GlobalSection(ExtensibilityGlobals) = postSolution
		SolutionGuid = {F5C77934-F174-40A9-B7B8-E9C8F0A410A1}
	EndGlobalSection
EndGlobal
